
Microsoft Visual Studio Solution File, Format Version 12.00
# Visual Studio Version 16
VisualStudioVersion = 16.0.29209.62
MinimumVisualStudioVersion = 10.0.40219.1
Project("{FAE04EC0-301F-11D3-BF4B-00C04F79EFBC}") = "PayRollApi", "PayRollApi.csproj", "{09BA4C45-E140-4CF4-BE7D-B740EA213420}"
EndProject
Global
	GlobalSection(SolutionConfigurationPlatforms) = preSolution
		Debug|Any CPU = Debug|Any CPU
		Release|Any CPU = Release|Any CPU
	EndGlobalSection
	GlobalSection(ProjectConfigurationPlatforms) = postSolution
		{09BA4C45-E140-4CF4-BE7D-B740EA213420}.Debug|Any CPU.ActiveCfg = Debug|Any CPU
		{09BA4C45-E140-4CF4-BE7D-B740EA213420}.Debug|Any CPU.Build.0 = Debug|Any CPU
		{09BA4C45-E140-4CF4-BE7D-B740EA213420}.Release|Any CPU.ActiveCfg = Release|Any CPU
		{09BA4C45-E140-4CF4-BE7D-B740EA213420}.Release|Any CPU.Build.0 = Release|Any CPU
	EndGlobalSection
	GlobalSection(SolutionProperties) = preSolution
		HideSolutionNode = FALSE
	EndGlobalSection
	GlobalSection(ExtensibilityGlobals) = postSolution
		SolutionGuid = {57AE4377-2009-4201-A9D5-EE2DB800EA09}
	EndGlobalSection
EndGlobal
